
Microsoft Visual Studio Solution File, Format Version 12.00
# Visual Studio 2013
VisualStudioVersion = 12.0.21005.1
MinimumVisualStudioVersion = 10.0.40219.1
Project("{FAE04EC0-301F-11D3-BF4B-00C04F79EFBC}") = "CAM.General", "..\CAM.General\src\CAM.General\CAM.General.csproj", "{D7174633-F7DB-4F1C-BAEF-0EFD08E16F26}"
EndProject
Project("{2150E333-8FDC-42A3-9474-1A3956D46DE8}") = "05 CAM.General", "05 CAM.General", "{9D5C3BC1-BE15-46D1-A856-5EC00D26236C}"
EndProject
Project("{2150E333-8FDC-42A3-9474-1A3956D46DE8}") = "04 CAM.Common", "04 CAM.Common", "{944DAE2D-8E14-426E-A471-A6086C8AD3BE}"
EndProject
Project("{FAE04EC0-301F-11D3-BF4B-00C04F79EFBC}") = "CAM.Common.Convert", "..\CAM.Common.Convert\src\CAM.Common.Convert\CAM.Common.Convert.csproj", "{5ED8B1A5-2FE5-4A41-AFDB-49251ECB5107}"
EndProject
Project("{FAE04EC0-301F-11D3-BF4B-00C04F79EFBC}") = "CAM.Common.DiskOperation", "..\CAM.Common.DiskOperation\src\CAM.Common.DiskOperation\CAM.Common.DiskOperation.csproj", "{F110DF83-84C8-494B-A7AB-B488308F9156}"
EndProject
Project("{FAE04EC0-301F-11D3-BF4B-00C04F79EFBC}") = "CAM.Common.Config", "..\CAM.Common.Config\src\CAM.Common.Config\CAM.Common.Config.csproj", "{455558C3-68B6-485B-AEFE-5BB495E24864}"
EndProject
Global
	GlobalSection(SolutionConfigurationPlatforms) = preSolution
		Debug|Any CPU = Debug|Any CPU
		Release|Any CPU = Release|Any CPU
	EndGlobalSection
	GlobalSection(ProjectConfigurationPlatforms) = postSolution
		{D7174633-F7DB-4F1C-BAEF-0EFD08E16F26}.Debug|Any CPU.ActiveCfg = Debug|Any CPU
		{D7174633-F7DB-4F1C-BAEF-0EFD08E16F26}.Debug|Any CPU.Build.0 = Debug|Any CPU
		{D7174633-F7DB-4F1C-BAEF-0EFD08E16F26}.Release|Any CPU.ActiveCfg = Release|Any CPU
		{D7174633-F7DB-4F1C-BAEF-0EFD08E16F26}.Release|Any CPU.Build.0 = Release|Any CPU
		{5ED8B1A5-2FE5-4A41-AFDB-49251ECB5107}.Debug|Any CPU.ActiveCfg = Debug|Any CPU
		{5ED8B1A5-2FE5-4A41-AFDB-49251ECB5107}.Debug|Any CPU.Build.0 = Debug|Any CPU
		{5ED8B1A5-2FE5-4A41-AFDB-49251ECB5107}.Release|Any CPU.ActiveCfg = Release|Any CPU
		{5ED8B1A5-2FE5-4A41-AFDB-49251ECB5107}.Release|Any CPU.Build.0 = Release|Any CPU
		{F110DF83-84C8-494B-A7AB-B488308F9156}.Debug|Any CPU.ActiveCfg = Debug|Any CPU
		{F110DF83-84C8-494B-A7AB-B488308F9156}.Debug|Any CPU.Build.0 = Debug|Any CPU
		{F110DF83-84C8-494B-A7AB-B488308F9156}.Release|Any CPU.ActiveCfg = Release|Any CPU
		{F110DF83-84C8-494B-A7AB-B488308F9156}.Release|Any CPU.Build.0 = Release|Any CPU
		{455558C3-68B6-485B-AEFE-5BB495E24864}.Debug|Any CPU.ActiveCfg = Debug|Any CPU
		{455558C3-68B6-485B-AEFE-5BB495E24864}.Debug|Any CPU.Build.0 = Debug|Any CPU
		{455558C3-68B6-485B-AEFE-5BB495E24864}.Release|Any CPU.ActiveCfg = Release|Any CPU
		{455558C3-68B6-485B-AEFE-5BB495E24864}.Release|Any CPU.Build.0 = Release|Any CPU
	EndGlobalSection
	GlobalSection(SolutionProperties) = preSolution
		HideSolutionNode = FALSE
	EndGlobalSection
	GlobalSection(NestedProjects) = preSolution
		{D7174633-F7DB-4F1C-BAEF-0EFD08E16F26} = {9D5C3BC1-BE15-46D1-A856-5EC00D26236C}
		{5ED8B1A5-2FE5-4A41-AFDB-49251ECB5107} = {944DAE2D-8E14-426E-A471-A6086C8AD3BE}
		{F110DF83-84C8-494B-A7AB-B488308F9156} = {944DAE2D-8E14-426E-A471-A6086C8AD3BE}
		{455558C3-68B6-485B-AEFE-5BB495E24864} = {944DAE2D-8E14-426E-A471-A6086C8AD3BE}
	EndGlobalSection
EndGlobal
