
Microsoft Visual Studio Solution File, Format Version 12.00
# Visual Studio 2013
VisualStudioVersion = 12.0.21005.1
MinimumVisualStudioVersion = 10.0.40219.1
Project("{FAE04EC0-301F-11D3-BF4B-00C04F79EFBC}") = "CAM.General", "..\CAM.General\src\CAM.General\CAM.General.csproj", "{D7174633-F7DB-4F1C-BAEF-0EFD08E16F26}"
EndProject
Project("{2150E333-8FDC-42A3-9474-1A3956D46DE8}") = "05 CAM.General", "05 CAM.General", "{9D5C3BC1-BE15-46D1-A856-5EC00D26236C}"
EndProject
Project("{2150E333-8FDC-42A3-9474-1A3956D46DE8}") = "04 CAM.Common", "04 CAM.Common", "{944DAE2D-8E14-426E-A471-A6086C8AD3BE}"
EndProject
Project("{FAE04EC0-301F-11D3-BF4B-00C04F79EFBC}") = "CAM.Common.Convert", "..\CAM.Common.Convert\src\CAM.Common.Convert\CAM.Common.Convert.csproj", "{5ED8B1A5-2FE5-4A41-AFDB-49251ECB5107}"
EndProject
Project("{FAE04EC0-301F-11D3-BF4B-00C04F79EFBC}") = "CAM.Common.DiskOperation", "..\CAM.Common.DiskOperation\src\CAM.Common.DiskOperation\CAM.Common.DiskOperation.csproj", "{F110DF83-84C8-494B-A7AB-B488308F9156}"
EndProject
Project("{FAE04EC0-301F-11D3-BF4B-00C04F79EFBC}") = "CAM.Common.Config", "..\CAM.Common.Config\src\CAM.Common.Config\CAM.Common.Config.csproj", "{455558C3-68B6-485B-AEFE-5BB495E24864}"
EndProject
Project("{FAE04EC0-301F-11D3-BF4B-00C04F79EFBC}") = "CAM.Common.Cache", "..\CAM.Common.Cache\src\CAM.Common.Cache\CAM.Common.Cache.csproj", "{755C6C30-3209-4852-9B66-28EBFDB3583A}"
EndProject
Project("{FAE04EC0-301F-11D3-BF4B-00C04F79EFBC}") = "CAM.Common.Net", "..\CAM.Common.Net\src\CAM.Common.Net\CAM.Common.Net.csproj", "{5AFB5E3B-7803-452A-A5FD-9F96B447B18E}"
EndProject
Project("{FAE04EC0-301F-11D3-BF4B-00C04F79EFBC}") = "CAM.Common.DataProtocol", "..\CAM.Common.DataProtocol\src\CAM.Common.DataProtocol\CAM.Common.DataProtocol.csproj", "{D64B661D-6E86-4845-A15B-D14446F4A7E5}"
EndProject
Project("{FAE04EC0-301F-11D3-BF4B-00C04F79EFBC}") = "CAM.Common.Error", "..\CAM.Common.Error\src\CAM.Common.Error\CAM.Common.Error.csproj", "{03B3BDAD-E880-4CFC-8315-0873ACA8F2B8}"
EndProject
Project("{FAE04EC0-301F-11D3-BF4B-00C04F79EFBC}") = "CAM.Common.Merge", "..\CAM.Common.Merge\src\CAM.Common.Merge\CAM.Common.Merge.csproj", "{7DDB0134-4FA2-40F0-9D2C-E396BDAF1966}"
EndProject
Project("{FAE04EC0-301F-11D3-BF4B-00C04F79EFBC}") = "CAM.Common.QueryMaker", "..\CAM.Common.QueryMaker\src\CAM.Common.QueryMaker\CAM.Common.QueryMaker.csproj", "{DDBF7F62-D807-470B-8781-1A2CEF17A9F3}"
EndProject
Project("{FAE04EC0-301F-11D3-BF4B-00C04F79EFBC}") = "CAM.Common.Data", "..\CAM.Common.Data\src\CAM.Common.Data\CAM.Common.Data.csproj", "{B09B28BA-57F2-4687-BC58-81488C524AC0}"
EndProject
Project("{2150E333-8FDC-42A3-9474-1A3956D46DE8}") = "03 Core", "03 Core", "{4BF77BF9-4141-4FCD-AAD3-E34C862B4279}"
EndProject
Project("{FAE04EC0-301F-11D3-BF4B-00C04F79EFBC}") = "CAM.Core", "..\CAM.Core\src\CAM.Core\CAM.Core.csproj", "{AFE94D4F-D050-49EB-A42D-8CD83ABF9726}"
EndProject
Project("{2150E333-8FDC-42A3-9474-1A3956D46DE8}") = "02 Logic", "02 Logic", "{5EC9BFE9-448D-4BAA-9283-062EE949BB9D}"
EndProject
Project("{FAE04EC0-301F-11D3-BF4B-00C04F79EFBC}") = "CAuth", "..\CTOOLBOX-CAuth\src\CAuth\CAuth.csproj", "{D6EF3049-3B6F-42D9-965B-3E6FB5D108A7}"
EndProject
Project("{2150E333-8FDC-42A3-9474-1A3956D46DE8}") = "06 TestUtils", "06 TestUtils", "{160C1BD2-6149-49D0-88EF-B9C2A755DCAE}"
EndProject
Project("{FAE04EC0-301F-11D3-BF4B-00C04F79EFBC}") = "UnitTestForCAuth", "..\CTOOLBOX-CAuth\tests\UnitTestForCAuth\UnitTestForCAuth.csproj", "{9E0DF740-F4E8-4A6B-8EA8-48BD9D737986}"
EndProject
Project("{FAE04EC0-301F-11D3-BF4B-00C04F79EFBC}") = "CRole", "..\CTOOLBOX-CRole\src\CRole\CRole.csproj", "{0C9095AA-09F5-4768-A086-6029216AED0F}"
EndProject
Project("{FAE04EC0-301F-11D3-BF4B-00C04F79EFBC}") = "UnitTestForCRole", "..\CTOOLBOX-CRole\tests\UnitTestForCRole\UnitTestForCRole.csproj", "{03D6198E-4FC8-404F-BACB-01A69D62819C}"
EndProject
Project("{FAE04EC0-301F-11D3-BF4B-00C04F79EFBC}") = "CUser", "..\CTOOLBOX-CUser\src\CUser\CUser.csproj", "{50523279-F747-4461-9802-4CC582598788}"
EndProject
Project("{FAE04EC0-301F-11D3-BF4B-00C04F79EFBC}") = "UnitTestForCUser", "..\CTOOLBOX-CUser\tests\UnitTestForCUser\UnitTestForCUser.csproj", "{B1770B00-7DBF-42A3-BB3B-89EAD19438A2}"
EndProject
Project("{FAE04EC0-301F-11D3-BF4B-00C04F79EFBC}") = "COrganization", "..\CTOOLBOX-COrganization\src\COrganization\COrganization.csproj", "{196055F0-91B8-49D9-A0F7-141BAA30341D}"
EndProject
Project("{FAE04EC0-301F-11D3-BF4B-00C04F79EFBC}") = "UnitTestForCOrganization", "..\CTOOLBOX-COrganization\tests\UnitTestForCOrganization\UnitTestForCOrganization.csproj", "{EF4050AB-B2B1-4D9B-B9B5-9298FE7ACDD3}"
EndProject
Global
	GlobalSection(SolutionConfigurationPlatforms) = preSolution
		Debug|Any CPU = Debug|Any CPU
		Release|Any CPU = Release|Any CPU
	EndGlobalSection
	GlobalSection(ProjectConfigurationPlatforms) = postSolution
		{D7174633-F7DB-4F1C-BAEF-0EFD08E16F26}.Debug|Any CPU.ActiveCfg = Debug|Any CPU
		{D7174633-F7DB-4F1C-BAEF-0EFD08E16F26}.Debug|Any CPU.Build.0 = Debug|Any CPU
		{D7174633-F7DB-4F1C-BAEF-0EFD08E16F26}.Release|Any CPU.ActiveCfg = Release|Any CPU
		{D7174633-F7DB-4F1C-BAEF-0EFD08E16F26}.Release|Any CPU.Build.0 = Release|Any CPU
		{5ED8B1A5-2FE5-4A41-AFDB-49251ECB5107}.Debug|Any CPU.ActiveCfg = Debug|Any CPU
		{5ED8B1A5-2FE5-4A41-AFDB-49251ECB5107}.Debug|Any CPU.Build.0 = Debug|Any CPU
		{5ED8B1A5-2FE5-4A41-AFDB-49251ECB5107}.Release|Any CPU.ActiveCfg = Release|Any CPU
		{5ED8B1A5-2FE5-4A41-AFDB-49251ECB5107}.Release|Any CPU.Build.0 = Release|Any CPU
		{F110DF83-84C8-494B-A7AB-B488308F9156}.Debug|Any CPU.ActiveCfg = Debug|Any CPU
		{F110DF83-84C8-494B-A7AB-B488308F9156}.Debug|Any CPU.Build.0 = Debug|Any CPU
		{F110DF83-84C8-494B-A7AB-B488308F9156}.Release|Any CPU.ActiveCfg = Release|Any CPU
		{F110DF83-84C8-494B-A7AB-B488308F9156}.Release|Any CPU.Build.0 = Release|Any CPU
		{455558C3-68B6-485B-AEFE-5BB495E24864}.Debug|Any CPU.ActiveCfg = Debug|Any CPU
		{455558C3-68B6-485B-AEFE-5BB495E24864}.Debug|Any CPU.Build.0 = Debug|Any CPU
		{455558C3-68B6-485B-AEFE-5BB495E24864}.Release|Any CPU.ActiveCfg = Release|Any CPU
		{455558C3-68B6-485B-AEFE-5BB495E24864}.Release|Any CPU.Build.0 = Release|Any CPU
		{755C6C30-3209-4852-9B66-28EBFDB3583A}.Debug|Any CPU.ActiveCfg = Debug|Any CPU
		{755C6C30-3209-4852-9B66-28EBFDB3583A}.Debug|Any CPU.Build.0 = Debug|Any CPU
		{755C6C30-3209-4852-9B66-28EBFDB3583A}.Release|Any CPU.ActiveCfg = Release|Any CPU
		{755C6C30-3209-4852-9B66-28EBFDB3583A}.Release|Any CPU.Build.0 = Release|Any CPU
		{5AFB5E3B-7803-452A-A5FD-9F96B447B18E}.Debug|Any CPU.ActiveCfg = Debug|Any CPU
		{5AFB5E3B-7803-452A-A5FD-9F96B447B18E}.Debug|Any CPU.Build.0 = Debug|Any CPU
		{5AFB5E3B-7803-452A-A5FD-9F96B447B18E}.Release|Any CPU.ActiveCfg = Release|Any CPU
		{5AFB5E3B-7803-452A-A5FD-9F96B447B18E}.Release|Any CPU.Build.0 = Release|Any CPU
		{D64B661D-6E86-4845-A15B-D14446F4A7E5}.Debug|Any CPU.ActiveCfg = Debug|Any CPU
		{D64B661D-6E86-4845-A15B-D14446F4A7E5}.Debug|Any CPU.Build.0 = Debug|Any CPU
		{D64B661D-6E86-4845-A15B-D14446F4A7E5}.Release|Any CPU.ActiveCfg = Release|Any CPU
		{D64B661D-6E86-4845-A15B-D14446F4A7E5}.Release|Any CPU.Build.0 = Release|Any CPU
		{03B3BDAD-E880-4CFC-8315-0873ACA8F2B8}.Debug|Any CPU.ActiveCfg = Debug|Any CPU
		{03B3BDAD-E880-4CFC-8315-0873ACA8F2B8}.Debug|Any CPU.Build.0 = Debug|Any CPU
		{03B3BDAD-E880-4CFC-8315-0873ACA8F2B8}.Release|Any CPU.ActiveCfg = Release|Any CPU
		{03B3BDAD-E880-4CFC-8315-0873ACA8F2B8}.Release|Any CPU.Build.0 = Release|Any CPU
		{7DDB0134-4FA2-40F0-9D2C-E396BDAF1966}.Debug|Any CPU.ActiveCfg = Debug|Any CPU
		{7DDB0134-4FA2-40F0-9D2C-E396BDAF1966}.Debug|Any CPU.Build.0 = Debug|Any CPU
		{7DDB0134-4FA2-40F0-9D2C-E396BDAF1966}.Release|Any CPU.ActiveCfg = Release|Any CPU
		{7DDB0134-4FA2-40F0-9D2C-E396BDAF1966}.Release|Any CPU.Build.0 = Release|Any CPU
		{DDBF7F62-D807-470B-8781-1A2CEF17A9F3}.Debug|Any CPU.ActiveCfg = Debug|Any CPU
		{DDBF7F62-D807-470B-8781-1A2CEF17A9F3}.Debug|Any CPU.Build.0 = Debug|Any CPU
		{DDBF7F62-D807-470B-8781-1A2CEF17A9F3}.Release|Any CPU.ActiveCfg = Release|Any CPU
		{DDBF7F62-D807-470B-8781-1A2CEF17A9F3}.Release|Any CPU.Build.0 = Release|Any CPU
		{B09B28BA-57F2-4687-BC58-81488C524AC0}.Debug|Any CPU.ActiveCfg = Debug|Any CPU
		{B09B28BA-57F2-4687-BC58-81488C524AC0}.Debug|Any CPU.Build.0 = Debug|Any CPU
		{B09B28BA-57F2-4687-BC58-81488C524AC0}.Release|Any CPU.ActiveCfg = Release|Any CPU
		{B09B28BA-57F2-4687-BC58-81488C524AC0}.Release|Any CPU.Build.0 = Release|Any CPU
		{AFE94D4F-D050-49EB-A42D-8CD83ABF9726}.Debug|Any CPU.ActiveCfg = Debug|Any CPU
		{AFE94D4F-D050-49EB-A42D-8CD83ABF9726}.Debug|Any CPU.Build.0 = Debug|Any CPU
		{AFE94D4F-D050-49EB-A42D-8CD83ABF9726}.Release|Any CPU.ActiveCfg = Release|Any CPU
		{AFE94D4F-D050-49EB-A42D-8CD83ABF9726}.Release|Any CPU.Build.0 = Release|Any CPU
		{D6EF3049-3B6F-42D9-965B-3E6FB5D108A7}.Debug|Any CPU.ActiveCfg = Debug|Any CPU
		{D6EF3049-3B6F-42D9-965B-3E6FB5D108A7}.Debug|Any CPU.Build.0 = Debug|Any CPU
		{D6EF3049-3B6F-42D9-965B-3E6FB5D108A7}.Release|Any CPU.ActiveCfg = Release|Any CPU
		{D6EF3049-3B6F-42D9-965B-3E6FB5D108A7}.Release|Any CPU.Build.0 = Release|Any CPU
		{9E0DF740-F4E8-4A6B-8EA8-48BD9D737986}.Debug|Any CPU.ActiveCfg = Debug|Any CPU
		{9E0DF740-F4E8-4A6B-8EA8-48BD9D737986}.Debug|Any CPU.Build.0 = Debug|Any CPU
		{9E0DF740-F4E8-4A6B-8EA8-48BD9D737986}.Release|Any CPU.ActiveCfg = Release|Any CPU
		{9E0DF740-F4E8-4A6B-8EA8-48BD9D737986}.Release|Any CPU.Build.0 = Release|Any CPU
		{0C9095AA-09F5-4768-A086-6029216AED0F}.Debug|Any CPU.ActiveCfg = Debug|Any CPU
		{0C9095AA-09F5-4768-A086-6029216AED0F}.Debug|Any CPU.Build.0 = Debug|Any CPU
		{0C9095AA-09F5-4768-A086-6029216AED0F}.Release|Any CPU.ActiveCfg = Release|Any CPU
		{0C9095AA-09F5-4768-A086-6029216AED0F}.Release|Any CPU.Build.0 = Release|Any CPU
		{03D6198E-4FC8-404F-BACB-01A69D62819C}.Debug|Any CPU.ActiveCfg = Debug|Any CPU
		{03D6198E-4FC8-404F-BACB-01A69D62819C}.Debug|Any CPU.Build.0 = Debug|Any CPU
		{03D6198E-4FC8-404F-BACB-01A69D62819C}.Release|Any CPU.ActiveCfg = Release|Any CPU
		{03D6198E-4FC8-404F-BACB-01A69D62819C}.Release|Any CPU.Build.0 = Release|Any CPU
		{50523279-F747-4461-9802-4CC582598788}.Debug|Any CPU.ActiveCfg = Debug|Any CPU
		{50523279-F747-4461-9802-4CC582598788}.Debug|Any CPU.Build.0 = Debug|Any CPU
		{50523279-F747-4461-9802-4CC582598788}.Release|Any CPU.ActiveCfg = Release|Any CPU
		{50523279-F747-4461-9802-4CC582598788}.Release|Any CPU.Build.0 = Release|Any CPU
		{B1770B00-7DBF-42A3-BB3B-89EAD19438A2}.Debug|Any CPU.ActiveCfg = Debug|Any CPU
		{B1770B00-7DBF-42A3-BB3B-89EAD19438A2}.Debug|Any CPU.Build.0 = Debug|Any CPU
		{B1770B00-7DBF-42A3-BB3B-89EAD19438A2}.Release|Any CPU.ActiveCfg = Release|Any CPU
		{B1770B00-7DBF-42A3-BB3B-89EAD19438A2}.Release|Any CPU.Build.0 = Release|Any CPU
		{196055F0-91B8-49D9-A0F7-141BAA30341D}.Debug|Any CPU.ActiveCfg = Debug|Any CPU
		{196055F0-91B8-49D9-A0F7-141BAA30341D}.Debug|Any CPU.Build.0 = Debug|Any CPU
		{196055F0-91B8-49D9-A0F7-141BAA30341D}.Release|Any CPU.ActiveCfg = Release|Any CPU
		{196055F0-91B8-49D9-A0F7-141BAA30341D}.Release|Any CPU.Build.0 = Release|Any CPU
		{EF4050AB-B2B1-4D9B-B9B5-9298FE7ACDD3}.Debug|Any CPU.ActiveCfg = Debug|Any CPU
		{EF4050AB-B2B1-4D9B-B9B5-9298FE7ACDD3}.Debug|Any CPU.Build.0 = Debug|Any CPU
		{EF4050AB-B2B1-4D9B-B9B5-9298FE7ACDD3}.Release|Any CPU.ActiveCfg = Release|Any CPU
		{EF4050AB-B2B1-4D9B-B9B5-9298FE7ACDD3}.Release|Any CPU.Build.0 = Release|Any CPU
	EndGlobalSection
	GlobalSection(SolutionProperties) = preSolution
		HideSolutionNode = FALSE
	EndGlobalSection
	GlobalSection(NestedProjects) = preSolution
		{D7174633-F7DB-4F1C-BAEF-0EFD08E16F26} = {9D5C3BC1-BE15-46D1-A856-5EC00D26236C}
		{5ED8B1A5-2FE5-4A41-AFDB-49251ECB5107} = {944DAE2D-8E14-426E-A471-A6086C8AD3BE}
		{F110DF83-84C8-494B-A7AB-B488308F9156} = {944DAE2D-8E14-426E-A471-A6086C8AD3BE}
		{455558C3-68B6-485B-AEFE-5BB495E24864} = {944DAE2D-8E14-426E-A471-A6086C8AD3BE}
		{755C6C30-3209-4852-9B66-28EBFDB3583A} = {944DAE2D-8E14-426E-A471-A6086C8AD3BE}
		{5AFB5E3B-7803-452A-A5FD-9F96B447B18E} = {944DAE2D-8E14-426E-A471-A6086C8AD3BE}
		{D64B661D-6E86-4845-A15B-D14446F4A7E5} = {944DAE2D-8E14-426E-A471-A6086C8AD3BE}
		{03B3BDAD-E880-4CFC-8315-0873ACA8F2B8} = {944DAE2D-8E14-426E-A471-A6086C8AD3BE}
		{7DDB0134-4FA2-40F0-9D2C-E396BDAF1966} = {944DAE2D-8E14-426E-A471-A6086C8AD3BE}
		{DDBF7F62-D807-470B-8781-1A2CEF17A9F3} = {944DAE2D-8E14-426E-A471-A6086C8AD3BE}
		{B09B28BA-57F2-4687-BC58-81488C524AC0} = {944DAE2D-8E14-426E-A471-A6086C8AD3BE}
		{AFE94D4F-D050-49EB-A42D-8CD83ABF9726} = {4BF77BF9-4141-4FCD-AAD3-E34C862B4279}
		{D6EF3049-3B6F-42D9-965B-3E6FB5D108A7} = {5EC9BFE9-448D-4BAA-9283-062EE949BB9D}
		{0C9095AA-09F5-4768-A086-6029216AED0F} = {5EC9BFE9-448D-4BAA-9283-062EE949BB9D}
		{50523279-F747-4461-9802-4CC582598788} = {5EC9BFE9-448D-4BAA-9283-062EE949BB9D}
		{196055F0-91B8-49D9-A0F7-141BAA30341D} = {5EC9BFE9-448D-4BAA-9283-062EE949BB9D}
		{9E0DF740-F4E8-4A6B-8EA8-48BD9D737986} = {160C1BD2-6149-49D0-88EF-B9C2A755DCAE}
		{03D6198E-4FC8-404F-BACB-01A69D62819C} = {160C1BD2-6149-49D0-88EF-B9C2A755DCAE}
		{B1770B00-7DBF-42A3-BB3B-89EAD19438A2} = {160C1BD2-6149-49D0-88EF-B9C2A755DCAE}
		{EF4050AB-B2B1-4D9B-B9B5-9298FE7ACDD3} = {160C1BD2-6149-49D0-88EF-B9C2A755DCAE}
	EndGlobalSection
	GlobalSection(ExtensibilityGlobals) = postSolution
		EnterpriseLibraryConfigurationToolBinariesPathV6 = packages\EnterpriseLibrary.Common.6.0.1304.0\lib\NET45;packages\EnterpriseLibrary.Validation.6.0.1304.0\lib\NET45
	EndGlobalSection
EndGlobal
